{
  "name": "janela-pai",
  "version": "1.0.0",
  "lockfileVersion": 1,
  "requires": true,
  "dependencies": {
    "center": {
      "version": "0.0.0",
      "resolved": "https://registry.npmjs.org/center/-/center-0.0.0.tgz",
      "integrity": "sha512-4ffvwP3JWTEHZIHRD8eJfv7+AFXVmq35xlRTU+P+IhOeDZ3vgk/gJR5MiNGgNGP7sX8kMRs7MFRyah6AJdksXg=="
    }
  }
}
